
Microsoft Visual Studio Solution File, Format Version 12.00
# Visual Studio Version 17
VisualStudioVersion = 17.13.35931.197
MinimumVisualStudioVersion = 10.0.40219.1
Project("{FAE04EC0-301F-11D3-BF4B-00C04F79EFBC}") = "TurnosPeluqueria", "TurnosPeluqueria.csproj", "{FF9E0FE6-6A04-41CB-9B2A-8CAFD7ECBB2C}"
EndProject
Global
	GlobalSection(SolutionConfigurationPlatforms) = preSolution
		Debug|Any CPU = Debug|Any CPU
		Release|Any CPU = Release|Any CPU
	EndGlobalSection
	GlobalSection(ProjectConfigurationPlatforms) = postSolution
		{FF9E0FE6-6A04-41CB-9B2A-8CAFD7ECBB2C}.Debug|Any CPU.ActiveCfg = Debug|Any CPU
		{FF9E0FE6-6A04-41CB-9B2A-8CAFD7ECBB2C}.Debug|Any CPU.Build.0 = Debug|Any CPU
		{FF9E0FE6-6A04-41CB-9B2A-8CAFD7ECBB2C}.Release|Any CPU.ActiveCfg = Release|Any CPU
		{FF9E0FE6-6A04-41CB-9B2A-8CAFD7ECBB2C}.Release|Any CPU.Build.0 = Release|Any CPU
	EndGlobalSection
	GlobalSection(SolutionProperties) = preSolution
		HideSolutionNode = FALSE
	EndGlobalSection
	GlobalSection(ExtensibilityGlobals) = postSolution
		SolutionGuid = {CAD9C4C3-21CE-43D1-A9EC-679BA151F67F}
	EndGlobalSection
EndGlobal
